
Microsoft Visual Studio Solution File, Format Version 12.00
# Visual Studio Version 17
VisualStudioVersion = 17.8.34330.188
MinimumVisualStudioVersion = 10.0.40219.1
Project("{9A19103F-16F7-4668-BE54-9A1E7A4F7556}") = "BlazorApp7", "BlazorApp7\BlazorApp7\BlazorApp7.csproj", "{0EA2A59A-F275-4E6C-8525-E3C5C0F861E9}"
EndProject
Project("{9A19103F-16F7-4668-BE54-9A1E7A4F7556}") = "BlazorApp7.Client", "BlazorApp7\BlazorApp7.Client\BlazorApp7.Client.csproj", "{527AB79D-21C6-4761-8F83-40E5D6D607EB}"
EndProject
Global
	GlobalSection(SolutionConfigurationPlatforms) = preSolution
		Debug|Any CPU = Debug|Any CPU
		Release|Any CPU = Release|Any CPU
	EndGlobalSection
	GlobalSection(ProjectConfigurationPlatforms) = postSolution
		{0EA2A59A-F275-4E6C-8525-E3C5C0F861E9}.Debug|Any CPU.ActiveCfg = Debug|Any CPU
		{0EA2A59A-F275-4E6C-8525-E3C5C0F861E9}.Debug|Any CPU.Build.0 = Debug|Any CPU
		{0EA2A59A-F275-4E6C-8525-E3C5C0F861E9}.Release|Any CPU.ActiveCfg = Release|Any CPU
		{0EA2A59A-F275-4E6C-8525-E3C5C0F861E9}.Release|Any CPU.Build.0 = Release|Any CPU
		{527AB79D-21C6-4761-8F83-40E5D6D607EB}.Debug|Any CPU.ActiveCfg = Debug|Any CPU
		{527AB79D-21C6-4761-8F83-40E5D6D607EB}.Debug|Any CPU.Build.0 = Debug|Any CPU
		{527AB79D-21C6-4761-8F83-40E5D6D607EB}.Release|Any CPU.ActiveCfg = Release|Any CPU
		{527AB79D-21C6-4761-8F83-40E5D6D607EB}.Release|Any CPU.Build.0 = Release|Any CPU
	EndGlobalSection
	GlobalSection(SolutionProperties) = preSolution
		HideSolutionNode = FALSE
	EndGlobalSection
	GlobalSection(ExtensibilityGlobals) = postSolution
		SolutionGuid = {0F81B647-7D37-4491-8021-0E066D7E5B54}
	EndGlobalSection
EndGlobal
